
Microsoft Visual Studio Solution File, Format Version 12.00
# Visual Studio 15
VisualStudioVersion = 15.0.27130.2010
MinimumVisualStudioVersion = 10.0.40219.1
Project("{FAE04EC0-301F-11D3-BF4B-00C04F79EFBC}") = "Clickatell-Service", "Clickatell-Service\Clickatell-Service.csproj", "{4DC2BD36-3BC8-4B0F-ADAE-A4DD97D4E80F}"
EndProject
Project("{9A19103F-16F7-4668-BE54-9A1E7A4F7556}") = "Clickatell.Core.lib", "Clickatell.Core.lib\Clickatell.Core.lib.csproj", "{3E719E26-7177-4B4E-A6F1-D75ED47A826E}"
EndProject
Project("{9A19103F-16F7-4668-BE54-9A1E7A4F7556}") = "Clickatell.Core.Test", "Clickatell.Core.Test\Clickatell.Core.Test.csproj", "{04095D6B-A6C9-4749-A662-411BD39CA0F3}"
EndProject
Project("{FAE04EC0-301F-11D3-BF4B-00C04F79EFBC}") = "Clickatell.AzFunction.DeliveryCallback", "Clickatell.AzFunction.DeliveryCallback\Clickatell.AzFunction.DeliveryCallback.csproj", "{236C2617-F86B-4588-A8BC-DDA60564C2E2}"
EndProject
Global
	GlobalSection(SolutionConfigurationPlatforms) = preSolution
		Debug|Any CPU = Debug|Any CPU
		Release|Any CPU = Release|Any CPU
	EndGlobalSection
	GlobalSection(ProjectConfigurationPlatforms) = postSolution
		{4DC2BD36-3BC8-4B0F-ADAE-A4DD97D4E80F}.Debug|Any CPU.ActiveCfg = Debug|Any CPU
		{4DC2BD36-3BC8-4B0F-ADAE-A4DD97D4E80F}.Debug|Any CPU.Build.0 = Debug|Any CPU
		{4DC2BD36-3BC8-4B0F-ADAE-A4DD97D4E80F}.Release|Any CPU.ActiveCfg = Release|Any CPU
		{4DC2BD36-3BC8-4B0F-ADAE-A4DD97D4E80F}.Release|Any CPU.Build.0 = Release|Any CPU
		{4DC2BD36-3BC8-4B0F-ADAE-A4DD97D4E80F}.Release|Any CPU.Deploy.0 = Release|Any CPU
		{3E719E26-7177-4B4E-A6F1-D75ED47A826E}.Debug|Any CPU.ActiveCfg = Debug|Any CPU
		{3E719E26-7177-4B4E-A6F1-D75ED47A826E}.Debug|Any CPU.Build.0 = Debug|Any CPU
		{3E719E26-7177-4B4E-A6F1-D75ED47A826E}.Release|Any CPU.ActiveCfg = Release|Any CPU
		{3E719E26-7177-4B4E-A6F1-D75ED47A826E}.Release|Any CPU.Build.0 = Release|Any CPU
		{04095D6B-A6C9-4749-A662-411BD39CA0F3}.Debug|Any CPU.ActiveCfg = Debug|Any CPU
		{04095D6B-A6C9-4749-A662-411BD39CA0F3}.Debug|Any CPU.Build.0 = Debug|Any CPU
		{04095D6B-A6C9-4749-A662-411BD39CA0F3}.Release|Any CPU.ActiveCfg = Release|Any CPU
		{04095D6B-A6C9-4749-A662-411BD39CA0F3}.Release|Any CPU.Build.0 = Release|Any CPU
		{236C2617-F86B-4588-A8BC-DDA60564C2E2}.Debug|Any CPU.ActiveCfg = Debug|Any CPU
		{236C2617-F86B-4588-A8BC-DDA60564C2E2}.Debug|Any CPU.Build.0 = Debug|Any CPU
		{236C2617-F86B-4588-A8BC-DDA60564C2E2}.Release|Any CPU.ActiveCfg = Release|Any CPU
		{236C2617-F86B-4588-A8BC-DDA60564C2E2}.Release|Any CPU.Build.0 = Release|Any CPU
	EndGlobalSection
	GlobalSection(SolutionProperties) = preSolution
		HideSolutionNode = FALSE
	EndGlobalSection
	GlobalSection(ExtensibilityGlobals) = postSolution
		SolutionGuid = {05F7C961-7DA2-4FB7-8296-B1489EC9F925}
	EndGlobalSection
EndGlobal
